
Microsoft Visual Studio Solution File, Format Version 12.00
# Visual Studio Version 17
VisualStudioVersion = 17.5.33424.131
MinimumVisualStudioVersion = 10.0.40219.1
Project("{FAE04EC0-301F-11D3-BF4B-00C04F79EFBC}") = "API_Allocator", "API_Allocator\API_Allocator.csproj", "{186E76AE-0406-4AB3-9249-8257BD8FD81E}"
EndProject
Global
	GlobalSection(SolutionConfigurationPlatforms) = preSolution
		Debug|Any CPU = Debug|Any CPU
		Release|Any CPU = Release|Any CPU
	EndGlobalSection
	GlobalSection(ProjectConfigurationPlatforms) = postSolution
		{186E76AE-0406-4AB3-9249-8257BD8FD81E}.Debug|Any CPU.ActiveCfg = Debug|Any CPU
		{186E76AE-0406-4AB3-9249-8257BD8FD81E}.Debug|Any CPU.Build.0 = Debug|Any CPU
		{186E76AE-0406-4AB3-9249-8257BD8FD81E}.Release|Any CPU.ActiveCfg = Release|Any CPU
		{186E76AE-0406-4AB3-9249-8257BD8FD81E}.Release|Any CPU.Build.0 = Release|Any CPU
	EndGlobalSection
	GlobalSection(SolutionProperties) = preSolution
		HideSolutionNode = FALSE
	EndGlobalSection
	GlobalSection(ExtensibilityGlobals) = postSolution
		SolutionGuid = {C9697E97-312A-4694-B4B3-2DC8726DC461}
	EndGlobalSection
EndGlobal
